
Microsoft Visual Studio Solution File, Format Version 12.00
# Visual Studio Version 16
VisualStudioVersion = 16.0.32126.315
MinimumVisualStudioVersion = 10.0.40219.1
Project("{FAE04EC0-301F-11D3-BF4B-00C04F79EFBC}") = "Practica2", "Practica2\Practica2.csproj", "{36AE8A59-303D-46B6-A2D5-4C2AE4C2592D}"
EndProject
Global
	GlobalSection(SolutionConfigurationPlatforms) = preSolution
		Debug|Any CPU = Debug|Any CPU
		Release|Any CPU = Release|Any CPU
	EndGlobalSection
	GlobalSection(ProjectConfigurationPlatforms) = postSolution
		{36AE8A59-303D-46B6-A2D5-4C2AE4C2592D}.Debug|Any CPU.ActiveCfg = Debug|Any CPU
		{36AE8A59-303D-46B6-A2D5-4C2AE4C2592D}.Debug|Any CPU.Build.0 = Debug|Any CPU
		{36AE8A59-303D-46B6-A2D5-4C2AE4C2592D}.Release|Any CPU.ActiveCfg = Release|Any CPU
		{36AE8A59-303D-46B6-A2D5-4C2AE4C2592D}.Release|Any CPU.Build.0 = Release|Any CPU
	EndGlobalSection
	GlobalSection(SolutionProperties) = preSolution
		HideSolutionNode = FALSE
	EndGlobalSection
	GlobalSection(ExtensibilityGlobals) = postSolution
		SolutionGuid = {1433EEF5-D5DC-4C20-9395-8E5DC1353B9A}
	EndGlobalSection
EndGlobal
